
Microsoft Visual Studio Solution File, Format Version 12.00
# Visual Studio Version 17
VisualStudioVersion = 17.5.002.0
MinimumVisualStudioVersion = 10.0.40219.1
Project("{9A19103F-16F7-4668-BE54-9A1E7A4F7556}") = "FlightBooking_CaseStudy_sameer", "FlightBooking_CaseStudy_sameer.csproj", "{CE0885B6-F883-4926-B00E-8DDA5CE38938}"
EndProject
Global
	GlobalSection(SolutionConfigurationPlatforms) = preSolution
		Debug|Any CPU = Debug|Any CPU
		Release|Any CPU = Release|Any CPU
	EndGlobalSection
	GlobalSection(ProjectConfigurationPlatforms) = postSolution
		{CE0885B6-F883-4926-B00E-8DDA5CE38938}.Debug|Any CPU.ActiveCfg = Debug|Any CPU
		{CE0885B6-F883-4926-B00E-8DDA5CE38938}.Debug|Any CPU.Build.0 = Debug|Any CPU
		{CE0885B6-F883-4926-B00E-8DDA5CE38938}.Release|Any CPU.ActiveCfg = Release|Any CPU
		{CE0885B6-F883-4926-B00E-8DDA5CE38938}.Release|Any CPU.Build.0 = Release|Any CPU
	EndGlobalSection
	GlobalSection(SolutionProperties) = preSolution
		HideSolutionNode = FALSE
	EndGlobalSection
	GlobalSection(ExtensibilityGlobals) = postSolution
		SolutionGuid = {49BCA842-B55F-4627-952E-A0D7FBF3C64C}
	EndGlobalSection
EndGlobal
