
Microsoft Visual Studio Solution File, Format Version 12.00
# Visual Studio Version 17
VisualStudioVersion = 17.10.35122.118
MinimumVisualStudioVersion = 10.0.40219.1
Project("{FAE04EC0-301F-11D3-BF4B-00C04F79EFBC}") = "FlightBooking_CaseStudy_sameer", "FlightBooking_CaseStudy_sameer\FlightBooking_CaseStudy_sameer.csproj", "{9458055F-F281-48AE-97F3-2AF254F71E51}"
EndProject
Global
	GlobalSection(SolutionConfigurationPlatforms) = preSolution
		Debug|Any CPU = Debug|Any CPU
		Release|Any CPU = Release|Any CPU
	EndGlobalSection
	GlobalSection(ProjectConfigurationPlatforms) = postSolution
		{9458055F-F281-48AE-97F3-2AF254F71E51}.Debug|Any CPU.ActiveCfg = Debug|Any CPU
		{9458055F-F281-48AE-97F3-2AF254F71E51}.Debug|Any CPU.Build.0 = Debug|Any CPU
		{9458055F-F281-48AE-97F3-2AF254F71E51}.Release|Any CPU.ActiveCfg = Release|Any CPU
		{9458055F-F281-48AE-97F3-2AF254F71E51}.Release|Any CPU.Build.0 = Release|Any CPU
	EndGlobalSection
	GlobalSection(SolutionProperties) = preSolution
		HideSolutionNode = FALSE
	EndGlobalSection
	GlobalSection(ExtensibilityGlobals) = postSolution
		SolutionGuid = {6EE7B28D-AF94-4639-87C3-E3FD3EA4426C}
	EndGlobalSection
EndGlobal
